PODS:
  - ReactiveObjC (3.1.1)

DEPENDENCIES:
  - ReactiveObjC (~> 3.1.1)

SPEC REPOS:
  https://github.com/CocoaPods/Specs.git:
    - ReactiveObjC

SPEC CHECKSUMS:
  ReactiveObjC: 011caa393aa0383245f2dcf9bf02e86b80b36040

PODFILE CHECKSUM: 8881592786dbc4ecb008b2ca74c2436ea08fd980

COCOAPODS: 1.8.0.beta.1
